{
  "name": "flowerCatalog",
  "lockfileVersion": 2,
  "requires": true,
  "packages": {
    "": {
      "dependencies": {
        "server": "github:souravwithstars/server"
      }
    },
    "node_modules/server": {
      "version": "1.0.0",
      "resolved": "git+ssh://git@github.com/souravwithstars/server.git#ad2a579dc9c6541aa43d8b9fa89966d5115926c0",
      "license": "ISC"
    }
  },
  "dependencies": {
    "server": {
      "version": "git+ssh://git@github.com/souravwithstars/server.git#ad2a579dc9c6541aa43d8b9fa89966d5115926c0",
      "from": "server@https://github.com/souravwithstars/server.git"
    }
  }
}
